dependencies:
  create-desktop-shortcuts: 1.0.2
  download-git-repo: 3.0.2
  node-fetch: 2.6.0
  puppeteer-core: 2.1.1
  unzip: 0.1.11
lockfileVersion: 5.1
packages:
  /@sindresorhus/is/0.7.0:
    dev: false
    engines:
      node: '>=4'
    resolution:
      integrity: sha512-ONhaKPIufzzrlNbqtWFFd+jlnemX6lJAgq9ZeiZtS7I1PIf/la7CW4m83rTXRnVnsMbW2k56pGYu7AUFJD9Pow==
  /@types/mime-types/2.1.0:
    dev: false
    resolution:
      integrity: sha1-nKUs2jY/aZxpRmwqbM2q2RPqenM=
  /agent-base/5.1.1:
    dev: false
    engines:
      node: '>= 6.0.0'
    resolution:
      integrity: sha512-TMeqbNl2fMW0nMjTEPOwe3J/PRFP4vqeoNuQMG0HlMrtm5QxKqdvAkZ1pRBQ/ulIyDD5Yq0nJ7YbdD8ey0TO3g==
  /archive-type/4.0.0:
    dependencies:
      file-type: 4.4.0
    dev: false
    engines:
      node: '>=4'
    resolution:
      integrity: sha1-+S5yIzBW38aWlHJ0nCZ72wRrHXA=
  /async-limiter/1.0.1:
    dev: false
    resolution:
      integrity: sha512-csOlWGAcRFJaI6m+F2WKdnMKr4HhdhFVBk0H/QbJFMCr+uO2kwohwXQPxw/9OCxp05r5ghVBFSyioixx3gfkNQ==
  /balanced-match/1.0.0:
    dev: false
    resolution:
      integrity: sha1-ibTRmasr7kneFk6gK4nORi1xt2c=
  /base64-js/1.3.1:
    dev: false
    resolution:
      integrity: sha512-mLQ4i2QO1ytvGWFWmcngKO//JXAQueZvwEKtjgQFM4jIK0kU+ytMfplL8j+n5mspOfjHwoAg+9yhb7BwAHm36g==
  /binary/0.3.0:
    dependencies:
      buffers: 0.1.1
      chainsaw: 0.1.0
    dev: false
    resolution:
      integrity: sha1-n2BVO8XOjDOG87VTz/R0Yq3sqnk=
  /bl/1.2.2:
    dependencies:
      readable-stream: 2.3.7
      safe-buffer: 5.2.0
    dev: false
    resolution:
      integrity: sha512-e8tQYnZodmebYDWGH7KMRvtzKXaJHx3BbilrgZCfvyLUYdKpK1t5PSPmpkny/SgiTSCnjfLW7v5rlONXVFkQEA==
  /brace-expansion/1.1.11:
    dependencies:
      balanced-match: 1.0.0
      concat-map: 0.0.1
    dev: false
    resolution:
      integrity: sha512-iCuPHDFgrHX7H2vEI/5xpz07zSHB00TpugqhmYtVmMO6518mCuRMoOYFldEBl0g187ufozdaHgWKcYFb61qGiA==
  /buffer-alloc-unsafe/1.1.0:
    dev: false
    resolution:
      integrity: sha512-TEM2iMIEQdJ2yjPJoSIsldnleVaAk1oW3DBVUykyOLsEsFmEc9kn+SFFPz+gl54KQNxlDnAwCXosOS9Okx2xAg==
  /buffer-alloc/1.2.0:
    dependencies:
      buffer-alloc-unsafe: 1.1.0
      buffer-fill: 1.0.0
    dev: false
    resolution:
      integrity: sha512-CFsHQgjtW1UChdXgbyJGtnm+O/uLQeZdtbDo8mfUgYXCHSM1wgrVxXm6bSyrUuErEb+4sYVGCzASBRot7zyrow==
  /buffer-crc32/0.2.13:
    dev: false
    resolution:
      integrity: sha1-DTM+PwDqxQqhRUq9MO+MKl2ackI=
  /buffer-fill/1.0.0:
    dev: false
    resolution:
      integrity: sha1-+PeLdniYiO858gXNY39o5wISKyw=
  /buffer-from/1.1.1:
    dev: false
    resolution:
      integrity: sha512-MQcXEUbCKtEo7bhqEs6560Hyd4XaovZlO/k9V3hjVUF/zwW7KBVdSK4gIt/bzwS9MbR5qob+F5jusZsb0YQK2A==
  /buffer/5.4.3:
    dependencies:
      base64-js: 1.3.1
      ieee754: 1.1.13
    dev: false
    resolution:
      integrity: sha512-zvj65TkFeIt3i6aj5bIvJDzjjQQGs4o/sNoezg1F1kYap9Nu2jcUdpwzRSJTHMMzG0H7bZkn4rNQpImhuxWX2A==
  /buffers/0.1.1:
    dev: false
    engines:
      node: '>=0.2.0'
    resolution:
      integrity: sha1-skV5w77U1tOWru5tmorn9Ugqt7s=
  /cacheable-request/2.1.4:
    dependencies:
      clone-response: 1.0.2
      get-stream: 3.0.0
      http-cache-semantics: 3.8.1
      keyv: 3.0.0
      lowercase-keys: 1.0.0
      normalize-url: 2.0.1
      responselike: 1.0.2
    dev: false
    resolution:
      integrity: sha1-DYCIAbY0KtM8kd+dC0TcCbkeXD0=
  /caw/2.0.1:
    dependencies:
      get-proxy: 2.1.0
      isurl: 1.0.0
      tunnel-agent: 0.6.0
      url-to-options: 1.0.1
    dev: false
    engines:
      node: '>=4'
    resolution:
      integrity: sha512-Cg8/ZSBEa8ZVY9HspcGUYaK63d/bN7rqS3CYCzEGUxuYv6UlmcjzDUz2fCFFHyTvUW5Pk0I+3hkA3iXlIj6guA==
  /chainsaw/0.1.0:
    dependencies:
      traverse: 0.3.9
    dev: false
    resolution:
      integrity: sha1-XqtQsor+WAdNDVgpE4iCi15fvJg=
  /clone-response/1.0.2:
    dependencies:
      mimic-response: 1.0.1
    dev: false
    resolution:
      integrity: sha1-0dyXOSAxTfZ/vrlCI7TuNQI56Ws=
  /commander/2.8.1:
    dependencies:
      graceful-readlink: 1.0.1
    dev: false
    engines:
      node: '>= 0.6.x'
    resolution:
      integrity: sha1-Br42f+v9oMMwqh4qBy09yXYkJdQ=
  /concat-map/0.0.1:
    dev: false
    resolution:
      integrity: sha1-2Klr13/Wjfd5OnMDajug1UBdR3s=
  /concat-stream/1.6.2:
    dependencies:
      buffer-from: 1.1.1
      inherits: 2.0.4
      readable-stream: 2.3.7
      typedarray: 0.0.6
    dev: false
    engines:
      '0': node >= 0.8
    resolution:
      integrity: sha512-27HBghJxjiZtIk3Ycvn/4kbJk/1uZuJFfuPEns6LaEvpvG1f0hTea8lilrouyo9mVc2GWdcEZ8OLoGmSADlrCw==
  /config-chain/1.1.12:
    dependencies:
      ini: 1.3.5
      proto-list: 1.2.4
    dev: false
    resolution:
      integrity: sha512-a1eOIcu8+7lUInge4Rpf/n4Krkf3Dd9lqhljRzII1/Zno/kRtUWnznPO3jOKBmTEktkt3fkxisUcivoj0ebzoA==
  /content-disposition/0.5.3:
    dependencies:
      safe-buffer: 5.1.2
    dev: false
    engines:
      node: '>= 0.6'
    resolution:
      integrity: sha512-ExO0774ikEObIAEV9kDo50o+79VCUdEB6n6lzKgGwupcVeRlhrj3qGAfwq8G6uBJjkqLrhT0qEYFcWng8z1z0g==
  /core-util-is/1.0.2:
    dev: false
    resolution:
      integrity: sha1-tf1UIgqivFq1eqtxQMlAdUUDwac=
  /create-desktop-shortcuts/1.0.2:
    dev: false
    resolution:
      integrity: sha512-e7dljLLYlXdQK3a5G4GmSUiz4bAUA3nAhOZFR7zYQ417sgooezWUIf+pPWuTkrPKZRyTfPgERCCpu5nx+jf0Yg==
  /debug/2.6.9:
    dependencies:
      ms: 2.0.0
    dev: false
    resolution:
      integrity: sha512-bC7ElrdJaJnPbAP+1EotYvqZsb3ecl5wi6Bfi6BJTUcNowp6cvspg0jXznRTKDjm/E7AdgFBVeAPVMNcKGsHMA==
  /debug/4.1.1:
    dependencies:
      ms: 2.1.2
    dev: false
    resolution:
      integrity: sha512-pYAIzeRo8J6KPEaJ0VWOh5Pzkbw/RetuzehGM7QRRX5he4fPHx2rdKMB256ehJCkX+XRQm16eZLqLNS8RSZXZw==
  /decode-uri-component/0.2.0:
    dev: false
    engines:
      node: '>=0.10'
    resolution:
      integrity: sha1-6zkTMzRYd1y4TNGh+uBiEGu4dUU=
  /decompress-response/3.3.0:
    dependencies:
      mimic-response: 1.0.1
    dev: false
    engines:
      node: '>=4'
    resolution:
      integrity: sha1-gKTdMjdIOEv6JICDYirt7Jgq3/M=
  /decompress-tar/4.1.1:
    dependencies:
      file-type: 5.2.0
      is-stream: 1.1.0
      tar-stream: 1.6.2
    dev: false
    engines:
      node: '>=4'
    resolution:
      integrity: sha512-JdJMaCrGpB5fESVyxwpCx4Jdj2AagLmv3y58Qy4GE6HMVjWz1FeVQk1Ct4Kye7PftcdOo/7U7UKzYBJgqnGeUQ==
  /decompress-tarbz2/4.1.1:
    dependencies:
      decompress-tar: 4.1.1
      file-type: 6.2.0
      is-stream: 1.1.0
      seek-bzip: 1.0.5
      unbzip2-stream: 1.3.3
    dev: false
    engines:
      node: '>=4'
    resolution:
      integrity: sha512-s88xLzf1r81ICXLAVQVzaN6ZmX4A6U4z2nMbOwobxkLoIIfjVMBg7TeguTUXkKeXni795B6y5rnvDw7rxhAq9A==
  /decompress-targz/4.1.1:
    dependencies:
      decompress-tar: 4.1.1
      file-type: 5.2.0
      is-stream: 1.1.0
    dev: false
    engines:
      node: '>=4'
    resolution:
      integrity: sha512-4z81Znfr6chWnRDNfFNqLwPvm4db3WuZkqV+UgXQzSngG3CEKdBkw5jrv3axjjL96glyiiKjsxJG3X6WBZwX3w==
  /decompress-unzip/4.0.1:
    dependencies:
      file-type: 3.9.0
      get-stream: 2.3.1
      pify: 2.3.0
      yauzl: 2.10.0
    dev: false
    engines:
      node: '>=4'
    resolution:
      integrity: sha1-3qrM39FK6vhVePczroIQ+bSEj2k=
  /decompress/4.2.0:
    dependencies:
      decompress-tar: 4.1.1
      decompress-tarbz2: 4.1.1
      decompress-targz: 4.1.1
      decompress-unzip: 4.0.1
      graceful-fs: 4.2.3
      make-dir: 1.3.0
      pify: 2.3.0
      strip-dirs: 2.1.0
    dev: false
    engines:
      node: '>=4'
    resolution:
      integrity: sha1-eu3YVCflqS2s/lVnSnxQXpbQH50=
  /download-git-repo/3.0.2:
    dependencies:
      download: 7.1.0
      git-clone: 0.1.0
      rimraf: 3.0.0
    dev: false
    resolution:
      integrity: sha512-N8hWXD4hXqmEcNoR8TBYFntaOcYvEQ7Bz90mgm3bZRTuteGQqwT32VDMnTyD0KTEvb8BWrMc1tVmzuV9u/WrAg==
  /download/7.1.0:
    dependencies:
      archive-type: 4.0.0
      caw: 2.0.1
      content-disposition: 0.5.3
      decompress: 4.2.0
      ext-name: 5.0.0
      file-type: 8.1.0
      filenamify: 2.1.0
      get-stream: 3.0.0
      got: 8.3.2
      make-dir: 1.3.0
      p-event: 2.3.1
      pify: 3.0.0
    dev: false
    engines:
      node: '>=6'
    resolution:
      integrity: sha512-xqnBTVd/E+GxJVrX5/eUJiLYjCGPwMpdL+jGhGU57BvtcA7wwhtHVbXBeUk51kOpW3S7Jn3BQbN9Q1R1Km2qDQ==
  /duplexer3/0.1.4:
    dev: false
    resolution:
      integrity: sha1-7gHdHKwO08vH/b6jfcCo8c4ALOI=
  /end-of-stream/1.4.4:
    dependencies:
      once: 1.4.0
    dev: false
    resolution:
      integrity: sha512-+uw1inIHVPQoaVuHzRyXd21icM+cnt4CzD5rW+NC1wjOUSTOs+Te7FOv7AhN7vS9x/oIyhLP5PR1H+phQAHu5Q==
  /escape-string-regexp/1.0.5:
    dev: false
    engines:
      node: '>=0.8.0'
    resolution:
      integrity: sha1-G2HAViGQqN/2rjuyzwIAyhMLhtQ=
  /ext-list/2.2.2:
    dependencies:
      mime-db: 1.43.0
    dev: false
    engines:
      node: '>=0.10.0'
    resolution:
      integrity: sha512-u+SQgsubraE6zItfVA0tBuCBhfU9ogSRnsvygI7wht9TS510oLkBRXBsqopeUG/GBOIQyKZO9wjTqIu/sf5zFA==
  /ext-name/5.0.0:
    dependencies:
      ext-list: 2.2.2
      sort-keys-length: 1.0.1
    dev: false
    engines:
      node: '>=4'
    resolution:
      integrity: sha512-yblEwXAbGv1VQDmow7s38W77hzAgJAO50ztBLMcUyUBfxv1HC+LGwtiEN+Co6LtlqT/5uwVOxsD4TNIilWhwdQ==
  /extract-zip/1.6.7:
    dependencies:
      concat-stream: 1.6.2
      debug: 2.6.9
      mkdirp: 0.5.1
      yauzl: 2.4.1
    dev: false
    hasBin: true
    resolution:
      integrity: sha1-qEC0uK9kAyZMjbV/Txp0Mz74H+k=
  /fd-slicer/1.0.1:
    dependencies:
      pend: 1.2.0
    dev: false
    resolution:
      integrity: sha1-i1vL2ewyfFBBv5qwI/1nUPEXfmU=
  /fd-slicer/1.1.0:
    dependencies:
      pend: 1.2.0
    dev: false
    resolution:
      integrity: sha1-JcfInLH5B3+IkbvmHY85Dq4lbx4=
  /file-type/3.9.0:
    dev: false
    engines:
      node: '>=0.10.0'
    resolution:
      integrity: sha1-JXoHg4TR24CHvESdEH1SpSZyuek=
  /file-type/4.4.0:
    dev: false
    engines:
      node: '>=4'
    resolution:
      integrity: sha1-G2AOX8ofvcboDApwxxyNul95BsU=
  /file-type/5.2.0:
    dev: false
    engines:
      node: '>=4'
    resolution:
      integrity: sha1-LdvqfHP/42No365J3DOMBYwritY=
  /file-type/6.2.0:
    dev: false
    engines:
      node: '>=4'
    resolution:
      integrity: sha512-YPcTBDV+2Tm0VqjybVd32MHdlEGAtuxS3VAYsumFokDSMG+ROT5wawGlnHDoz7bfMcMDt9hxuXvXwoKUx2fkOg==
  /file-type/8.1.0:
    dev: false
    engines:
      node: '>=6'
    resolution:
      integrity: sha512-qyQ0pzAy78gVoJsmYeNgl8uH8yKhr1lVhW7JbzJmnlRi0I4R2eEDEJZVKG8agpDnLpacwNbDhLNG/LMdxHD2YQ==
  /filename-reserved-regex/2.0.0:
    dev: false
    engines:
      node: '>=4'
    resolution:
      integrity: sha1-q/c9+rc10EVECr/qLZHzieu/oik=
  /filenamify/2.1.0:
    dependencies:
      filename-reserved-regex: 2.0.0
      strip-outer: 1.0.1
      trim-repeated: 1.0.0
    dev: false
    engines:
      node: '>=4'
    resolution:
      integrity: sha512-ICw7NTT6RsDp2rnYKVd8Fu4cr6ITzGy3+u4vUujPkabyaz+03F24NWEX7fs5fp+kBonlaqPH8fAO2NM+SXt/JA==
  /from2/2.3.0:
    dependencies:
      inherits: 2.0.4
      readable-stream: 2.3.7
    dev: false
    resolution:
      integrity: sha1-i/tVAr3kpNNs/e6gB/zKIdfjgq8=
  /fs-constants/1.0.0:
    dev: false
    resolution:
      integrity: sha512-y6OAwoSIf7FyjMIv94u+b5rdheZEjzR63GTyZJm5qh4Bi+2YgwLCcI/fPFZkL5PSixOt6ZNKm+w+Hfp/Bciwow==
  /fs.realpath/1.0.0:
    dev: false
    resolution:
      integrity: sha1-FQStJSMVjKpA20onh8sBQRmU6k8=
  /fstream/0.1.31:
    dependencies:
      graceful-fs: 3.0.12
      inherits: 2.0.4
      mkdirp: 0.5.1
      rimraf: 2.7.1
    dev: false
    engines:
      node: '>=0.6'
    resolution:
      integrity: sha1-czfwWPu7vvqMn1YaKMqwhJICyYg=
  /get-proxy/2.1.0:
    dependencies:
      npm-conf: 1.1.3
    dev: false
    engines:
      node: '>=4'
    resolution:
      integrity: sha512-zmZIaQTWnNQb4R4fJUEp/FC51eZsc6EkErspy3xtIYStaq8EB/hDIWipxsal+E8rz0qD7f2sL/NA9Xee4RInJw==
  /get-stream/2.3.1:
    dependencies:
      object-assign: 4.1.1
      pinkie-promise: 2.0.1
    dev: false
    engines:
      node: '>=0.10.0'
    resolution:
      integrity: sha1-Xzj5PzRgCWZu4BUKBUFn+Rvdld4=
  /get-stream/3.0.0:
    dev: false
    engines:
      node: '>=4'
    resolution:
      integrity: sha1-jpQ9E1jcN1VQVOy+LtsFqhdO3hQ=
  /git-clone/0.1.0:
    dev: false
    resolution:
      integrity: sha1-DXYWN3gJOu9/HDAjjyqe8/B6Lrk=
  /glob/7.1.6:
    dependencies:
      fs.realpath: 1.0.0
      inflight: 1.0.6
      inherits: 2.0.4
      minimatch: 3.0.4
      once: 1.4.0
      path-is-absolute: 1.0.1
    dev: false
    resolution:
      integrity: sha512-LwaxwyZ72Lk7vZINtNNrywX0ZuLyStrdDtabefZKAY5ZGJhVtgdznluResxNmPitE0SAO+O26sWTHeKSI2wMBA==
  /got/8.3.2:
    dependencies:
      '@sindresorhus/is': 0.7.0
      cacheable-request: 2.1.4
      decompress-response: 3.3.0
      duplexer3: 0.1.4
      get-stream: 3.0.0
      into-stream: 3.1.0
      is-retry-allowed: 1.2.0
      isurl: 1.0.0
      lowercase-keys: 1.0.1
      mimic-response: 1.0.1
      p-cancelable: 0.4.1
      p-timeout: 2.0.1
      pify: 3.0.0
      safe-buffer: 5.2.0
      timed-out: 4.0.1
      url-parse-lax: 3.0.0
      url-to-options: 1.0.1
    dev: false
    engines:
      node: '>=4'
    resolution:
      integrity: sha512-qjUJ5U/hawxosMryILofZCkm3C84PLJS/0grRIpjAwu+Lkxxj5cxeCU25BG0/3mDSpXKTyZr8oh8wIgLaH0QCw==
  /graceful-fs/3.0.12:
    dependencies:
      natives: 1.1.6
    dev: false
    engines:
      node: '>=0.4.0'
    resolution:
      integrity: sha512-J55gaCS4iTTJfTXIxSVw3EMQckcqkpdRv3IR7gu6sq0+tbC363Zx6KH/SEwXASK9JRbhyZmVjJEVJIOxYsB3Qg==
  /graceful-fs/4.2.3:
    dev: false
    resolution:
      integrity: sha512-a30VEBm4PEdx1dRB7MFK7BejejvCvBronbLjht+sHuGYj8PHs7M/5Z+rt5lw551vZ7yfTCj4Vuyy3mSJytDWRQ==
  /graceful-readlink/1.0.1:
    dev: false
    resolution:
      integrity: sha1-TK+tdrxi8C+gObL5Tpo906ORpyU=
  /has-symbol-support-x/1.4.2:
    dev: false
    resolution:
      integrity: sha512-3ToOva++HaW+eCpgqZrCfN51IPB+7bJNVT6CUATzueB5Heb8o6Nam0V3HG5dlDvZU1Gn5QLcbahiKw/XVk5JJw==
  /has-to-string-tag-x/1.4.1:
    dependencies:
      has-symbol-support-x: 1.4.2
    dev: false
    resolution:
      integrity: sha512-vdbKfmw+3LoOYVr+mtxHaX5a96+0f3DljYd8JOqvOLsf5mw2Otda2qCDT9qRqLAhrjyQ0h7ual5nOiASpsGNFw==
  /http-cache-semantics/3.8.1:
    dev: false
    resolution:
      integrity: sha512-5ai2iksyV8ZXmnZhHH4rWPoxxistEexSi5936zIQ1bnNTW5VnA85B6P/VpXiRM017IgRvb2kKo1a//y+0wSp3w==
  /https-proxy-agent/4.0.0:
    dependencies:
      agent-base: 5.1.1
      debug: 4.1.1
    dev: false
    engines:
      node: '>= 6.0.0'
    resolution:
      integrity: sha512-zoDhWrkR3of1l9QAL8/scJZyLu8j/gBkcwcaQOZh7Gyh/+uJQzGVETdgT30akuwkpL8HTRfssqI3BZuV18teDg==
  /ieee754/1.1.13:
    dev: false
    resolution:
      integrity: sha512-4vf7I2LYV/HaWerSo3XmlMkp5eZ83i+/CDluXi/IGTs/O1sejBNhTtnxzmRZfvOUqj7lZjqHkeTvpgSFDlWZTg==
  /inflight/1.0.6:
    dependencies:
      once: 1.4.0
      wrappy: 1.0.2
    dev: false
    resolution:
      integrity: sha1-Sb1jMdfQLQwJvJEKEHW6gWW1bfk=
  /inherits/2.0.4:
    dev: false
    resolution:
      integrity: sha512-k/vGaX4/Yla3WzyMCvTQOXYeIHvqOKtnqBduzTHpzpQZzAskKMhZ2K+EnBiSM9zGSoIFeMpXKxa4dYeZIQqewQ==
  /ini/1.3.5:
    dev: false
    resolution:
      integrity: sha512-RZY5huIKCMRWDUqZlEi72f/lmXKMvuszcMBduliQ3nnWbx9X/ZBQO7DijMEYS9EhHBb2qacRUMtC7svLwe0lcw==
  /into-stream/3.1.0:
    dependencies:
      from2: 2.3.0
      p-is-promise: 1.1.0
    dev: false
    engines:
      node: '>=4'
    resolution:
      integrity: sha1-lvsKk2wSur1v8XUqF9BWFqvQlMY=
  /is-natural-number/4.0.1:
    dev: false
    resolution:
      integrity: sha1-q5124dtM7VHjXeDHLr7PCfc0zeg=
  /is-object/1.0.1:
    dev: false
    resolution:
      integrity: sha1-iVJojF7C/9awPsyF52ngKQMINHA=
  /is-plain-obj/1.1.0:
    dev: false
    engines:
      node: '>=0.10.0'
    resolution:
      integrity: sha1-caUMhCnfync8kqOQpKA7OfzVHT4=
  /is-retry-allowed/1.2.0:
    dev: false
    engines:
      node: '>=0.10.0'
    resolution:
      integrity: sha512-RUbUeKwvm3XG2VYamhJL1xFktgjvPzL0Hq8C+6yrWIswDy3BIXGqCxhxkc30N9jqK311gVU137K8Ei55/zVJRg==
  /is-stream/1.1.0:
    dev: false
    engines:
      node: '>=0.10.0'
    resolution:
      integrity: sha1-EtSj3U5o4Lec6428hBc66A2RykQ=
  /isarray/0.0.1:
    dev: false
    resolution:
      integrity: sha1-ihis/Kmo9Bd+Cav8YDiTmwXR7t8=
  /isarray/1.0.0:
    dev: false
    resolution:
      integrity: sha1-u5NdSFgsuhaMBoNJV6VKPgcSTxE=
  /isurl/1.0.0:
    dependencies:
      has-to-string-tag-x: 1.4.1
      is-object: 1.0.1
    dev: false
    engines:
      node: '>= 4'
    resolution:
      integrity: sha512-1P/yWsxPlDtn7QeRD+ULKQPaIaN6yF368GZ2vDfv0AL0NwpStafjWCDDdn0k8wgFMWpVAqG7oJhxHnlud42i9w==
  /json-buffer/3.0.0:
    dev: false
    resolution:
      integrity: sha1-Wx85evx11ne96Lz8Dkfh+aPZqJg=
  /keyv/3.0.0:
    dependencies:
      json-buffer: 3.0.0
    dev: false
    resolution:
      integrity: sha512-eguHnq22OE3uVoSYG0LVWNP+4ppamWr9+zWBe1bsNcovIMy6huUJFPgy4mGwCd/rnl3vOLGW1MTlu4c57CT1xA==
  /lowercase-keys/1.0.0:
    dev: false
    engines:
      node: '>=0.10.0'
    resolution:
      integrity: sha1-TjNms55/VFfjXxMkvfb4jQv8cwY=
  /lowercase-keys/1.0.1:
    dev: false
    engines:
      node: '>=0.10.0'
    resolution:
      integrity: sha512-G2Lj61tXDnVFFOi8VZds+SoQjtQC3dgokKdDG2mTm1tx4m50NUHBOZSBwQQHyy0V12A0JTG4icfZQH+xPyh8VA==
  /make-dir/1.3.0:
    dependencies:
      pify: 3.0.0
    dev: false
    engines:
      node: '>=4'
    resolution:
      integrity: sha512-2w31R7SJtieJJnQtGc7RVL2StM2vGYVfqUOvUDxH6bC6aJTxPxTF0GnIgCyu7tjockiUWAYQRbxa7vKn34s5sQ==
  /match-stream/0.0.2:
    dependencies:
      buffers: 0.1.1
      readable-stream: 1.0.34
    dev: false
    resolution:
      integrity: sha1-mesFAJOzTf+t5CG5rAtBCpz6F88=
  /mime-db/1.43.0:
    dev: false
    engines:
      node: '>= 0.6'
    resolution:
      integrity: sha512-+5dsGEEovYbT8UY9yD7eE4XTc4UwJ1jBYlgaQQF38ENsKR3wj/8q8RFZrF9WIZpB2V1ArTVFUva8sAul1NzRzQ==
  /mime-types/2.1.26:
    dependencies:
      mime-db: 1.43.0
    dev: false
    engines:
      node: '>= 0.6'
    resolution:
      integrity: sha512-01paPWYgLrkqAyrlDorC1uDwl2p3qZT7yl806vW7DvDoxwXi46jsjFbg+WdwotBIk6/MbEhO/dh5aZ5sNj/dWQ==
  /mime/2.4.4:
    dev: false
    engines:
      node: '>=4.0.0'
    hasBin: true
    resolution:
      integrity: sha512-LRxmNwziLPT828z+4YkNzloCFC2YM4wrB99k+AV5ZbEyfGNWfG8SO1FUXLmLDBSo89NrJZ4DIWeLjy1CHGhMGA==
  /mimic-response/1.0.1:
    dev: false
    engines:
      node: '>=4'
    resolution:
      integrity: sha512-j5EctnkH7amfV/q5Hgmoal1g2QHFJRraOtmx0JpIqkxhBhI/lJSl1nMpQ45hVarwNETOoWEimndZ4QK0RHxuxQ==
  /minimatch/3.0.4:
    dependencies:
      brace-expansion: 1.1.11
    dev: false
    resolution:
      integrity: sha512-yJHVQEhyqPLUTgt9B83PXu6W3rx4MvvHvSUvToogpwoGDOUQ+yDrR0HRot+yOCdCO7u4hX3pWft6kWBBcqh0UA==
  /minimist/0.0.8:
    dev: false
    resolution:
      integrity: sha1-hX/Kv8M5fSYluCKCYuhqp6ARsF0=
  /mkdirp/0.5.1:
    dependencies:
      minimist: 0.0.8
    dev: false
    hasBin: true
    resolution:
      integrity: sha1-MAV0OOrGz3+MR2fzhkjWaX11yQM=
  /ms/2.0.0:
    dev: false
    resolution:
      integrity: sha1-VgiurfwAvmwpAd9fmGF4jeDVl8g=
  /ms/2.1.2:
    dev: false
    resolution:
      integrity: sha512-sGkPx+VjMtmA6MX27oA4FBFELFCZZ4S4XqeGOXCv68tT+jb3vk/RyaKWP0PTKyWtmLSM0b+adUTEvbs1PEaH2w==
  /natives/1.1.6:
    deprecated: 'This module relies on Node.js''s internals and will break at some point. Do not use it, and update to graceful-fs@4.x.'
    dev: false
    resolution:
      integrity: sha512-6+TDFewD4yxY14ptjKaS63GVdtKiES1pTPyxn9Jb0rBqPMZ7VcCiooEhPNsr+mqHtMGxa/5c/HhcC4uPEUw/nA==
  /node-fetch/2.6.0:
    dev: false
    engines:
      node: 4.x || >=6.0.0
    resolution:
      integrity: sha512-8dG4H5ujfvFiqDmVu9fQ5bOHUC15JMjMY/Zumv26oOvvVJjM67KF8koCWIabKQ1GJIa9r2mMZscBq/TbdOcmNA==
  /normalize-url/2.0.1:
    dependencies:
      prepend-http: 2.0.0
      query-string: 5.1.1
      sort-keys: 2.0.0
    dev: false
    engines:
      node: '>=4'
    resolution:
      integrity: sha512-D6MUW4K/VzoJ4rJ01JFKxDrtY1v9wrgzCX5f2qj/lzH1m/lW6MhUZFKerVsnyjOhOsYzI9Kqqak+10l4LvLpMw==
  /npm-conf/1.1.3:
    dependencies:
      config-chain: 1.1.12
      pify: 3.0.0
    dev: false
    engines:
      node: '>=4'
    resolution:
      integrity: sha512-Yic4bZHJOt9RCFbRP3GgpqhScOY4HH3V2P8yBj6CeYq118Qr+BLXqT2JvpJ00mryLESpgOxf5XlFv4ZjXxLScw==
  /object-assign/4.1.1:
    dev: false
    engines:
      node: '>=0.10.0'
    resolution:
      integrity: sha1-IQmtx5ZYh8/AXLvUQsrIv7s2CGM=
  /once/1.4.0:
    dependencies:
      wrappy: 1.0.2
    dev: false
    resolution:
      integrity: sha1-WDsap3WWHUsROsF9nFC6753Xa9E=
  /over/0.0.5:
    dev: false
    resolution:
      integrity: sha1-8phS5w/X4l82DgE6jsRMgq7bVwg=
  /p-cancelable/0.4.1:
    dev: false
    engines:
      node: '>=4'
    resolution:
      integrity: sha512-HNa1A8LvB1kie7cERyy21VNeHb2CWJJYqyyC2o3klWFfMGlFmWv2Z7sFgZH8ZiaYL95ydToKTFVXgMV/Os0bBQ==
  /p-event/2.3.1:
    dependencies:
      p-timeout: 2.0.1
    dev: false
    engines:
      node: '>=6'
    resolution:
      integrity: sha512-NQCqOFhbpVTMX4qMe8PF8lbGtzZ+LCiN7pcNrb/413Na7+TRoe1xkKUzuWa/YEJdGQ0FvKtj35EEbDoVPO2kbA==
  /p-finally/1.0.0:
    dev: false
    engines:
      node: '>=4'
    resolution:
      integrity: sha1-P7z7FbiZpEEjs0ttzBi3JDNqLK4=
  /p-is-promise/1.1.0:
    dev: false
    engines:
      node: '>=4'
    resolution:
      integrity: sha1-nJRWmJ6fZYgBewQ01WCXZ1w9oF4=
  /p-timeout/2.0.1:
    dependencies:
      p-finally: 1.0.0
    dev: false
    engines:
      node: '>=4'
    resolution:
      integrity: sha512-88em58dDVB/KzPEx1X0N3LwFfYZPyDc4B6eF38M1rk9VTZMbxXXgjugz8mmwpS9Ox4BDZ+t6t3QP5+/gazweIA==
  /path-is-absolute/1.0.1:
    dev: false
    engines:
      node: '>=0.10.0'
    resolution:
      integrity: sha1-F0uSaHNVNP+8es5r9TpanhtcX18=
  /pend/1.2.0:
    dev: false
    resolution:
      integrity: sha1-elfrVQpng/kRUzH89GY9XI4AelA=
  /pify/2.3.0:
    dev: false
    engines:
      node: '>=0.10.0'
    resolution:
      integrity: sha1-7RQaasBDqEnqWISY59yosVMw6Qw=
  /pify/3.0.0:
    dev: false
    engines:
      node: '>=4'
    resolution:
      integrity: sha1-5aSs0sEB/fPZpNB/DbxNtJ3SgXY=
  /pinkie-promise/2.0.1:
    dependencies:
      pinkie: 2.0.4
    dev: false
    engines:
      node: '>=0.10.0'
    resolution:
      integrity: sha1-ITXW36ejWMBprJsXh3YogihFD/o=
  /pinkie/2.0.4:
    dev: false
    engines:
      node: '>=0.10.0'
    resolution:
      integrity: sha1-clVrgM+g1IqXToDnckjoDtT3+HA=
  /prepend-http/2.0.0:
    dev: false
    engines:
      node: '>=4'
    resolution:
      integrity: sha1-6SQ0v6XqjBn0HN/UAddBo8gZ2Jc=
  /process-nextick-args/2.0.1:
    dev: false
    resolution:
      integrity: sha512-3ouUOpQhtgrbOa17J7+uxOTpITYWaGP7/AhoR3+A+/1e9skrzelGi/dXzEYyvbxubEF6Wn2ypscTKiKJFFn1ag==
  /progress/2.0.3:
    dev: false
    engines:
      node: '>=0.4.0'
    resolution:
      integrity: sha512-7PiHtLll5LdnKIMw100I+8xJXR5gW2QwWYkT6iJva0bXitZKa/XMrSbdmg3r2Xnaidz9Qumd0VPaMrZlF9V9sA==
  /proto-list/1.2.4:
    dev: false
    resolution:
      integrity: sha1-IS1b/hMYMGpCD2QCuOJv85ZHqEk=
  /proxy-from-env/1.0.0:
    dev: false
    resolution:
      integrity: sha1-M8UDmPcOp+uW0h97gXYwpVeRx+4=
  /pullstream/0.4.1:
    dependencies:
      over: 0.0.5
      readable-stream: 1.0.34
      setimmediate: 1.0.5
      slice-stream: 1.0.0
    dev: false
    resolution:
      integrity: sha1-1vs79a7Wl+gxFQ6xACwlo/iuExQ=
  /puppeteer-core/2.1.1:
    dependencies:
      '@types/mime-types': 2.1.0
      debug: 4.1.1
      extract-zip: 1.6.7
      https-proxy-agent: 4.0.0
      mime: 2.4.4
      mime-types: 2.1.26
      progress: 2.0.3
      proxy-from-env: 1.0.0
      rimraf: 2.7.1
      ws: 6.2.1
    dev: false
    engines:
      node: '>=8.16.0'
    resolution:
      integrity: sha512-n13AWriBMPYxnpbb6bnaY5YoY6rGj8vPLrz6CZF3o0qJNEwlcfJVxBzYZ0NJsQ21UbdJoijPCDrM++SUVEz7+w==
  /query-string/5.1.1:
    dependencies:
      decode-uri-component: 0.2.0
      object-assign: 4.1.1
      strict-uri-encode: 1.1.0
    dev: false
    engines:
      node: '>=0.10.0'
    resolution:
      integrity: sha512-gjWOsm2SoGlgLEdAGt7a6slVOk9mGiXmPFMqrEhLQ68rhQuBnpfs3+EmlvqKyxnCo9/PPlF+9MtY02S1aFg+Jw==
  /readable-stream/1.0.34:
    dependencies:
      core-util-is: 1.0.2
      inherits: 2.0.4
      isarray: 0.0.1
      string_decoder: 0.10.31
    dev: false
    resolution:
      integrity: sha1-Elgg40vIQtLyqq+v5MKRbuMsFXw=
  /readable-stream/2.3.7:
    dependencies:
      core-util-is: 1.0.2
      inherits: 2.0.4
      isarray: 1.0.0
      process-nextick-args: 2.0.1
      safe-buffer: 5.1.2
      string_decoder: 1.1.1
      util-deprecate: 1.0.2
    dev: false
    resolution:
      integrity: sha512-Ebho8K4jIbHAxnuxi7o42OrZgF/ZTNcsZj6nRKyUmkhLFq8CHItp/fy6hQZuZmP/n3yZ9VBUbp4zz/mX8hmYPw==
  /responselike/1.0.2:
    dependencies:
      lowercase-keys: 1.0.0
    dev: false
    resolution:
      integrity: sha1-kYcg7ztjHFZCvgaPFa3lpG9Loec=
  /rimraf/2.7.1:
    dependencies:
      glob: 7.1.6
    dev: false
    hasBin: true
    resolution:
      integrity: sha512-uWjbaKIK3T1OSVptzX7Nl6PvQ3qAGtKEtVRjRuazjfL3Bx5eI409VZSqgND+4UNnmzLVdPj9FqFJNPqBZFve4w==
  /rimraf/3.0.0:
    dependencies:
      glob: 7.1.6
    dev: false
    hasBin: true
    resolution:
      integrity: sha512-NDGVxTsjqfunkds7CqsOiEnxln4Bo7Nddl3XhS4pXg5OzwkLqJ971ZVAAnB+DDLnF76N+VnDEiBHaVV8I06SUg==
  /safe-buffer/5.1.2:
    dev: false
    resolution:
      integrity: sha512-Gd2UZBJDkXlY7GbJxfsE8/nvKkUEU1G38c1siN6QP6a9PT9MmHB8GnpscSmMJSoF8LOIrt8ud/wPtojys4G6+g==
  /safe-buffer/5.2.0:
    dev: false
    resolution:
      integrity: sha512-fZEwUGbVl7kouZs1jCdMLdt95hdIv0ZeHg6L7qPeciMZhZ+/gdesW4wgTARkrFWEpspjEATAzUGPG8N2jJiwbg==
  /seek-bzip/1.0.5:
    dependencies:
      commander: 2.8.1
    dev: false
    hasBin: true
    resolution:
      integrity: sha1-z+kXyz0nS8/6x5J1ivUxc+sfq9w=
  /setimmediate/1.0.5:
    dev: false
    resolution:
      integrity: sha1-KQy7Iy4waULX1+qbg3Mqt4VvgoU=
  /slice-stream/1.0.0:
    dependencies:
      readable-stream: 1.0.34
    dev: false
    resolution:
      integrity: sha1-WzO9ZvATsaf4ZGCwPUY97DmtPqA=
  /sort-keys-length/1.0.1:
    dependencies:
      sort-keys: 1.1.2
    dev: false
    engines:
      node: '>=0.10.0'
    resolution:
      integrity: sha1-nLb09OnkgVWmqgZx7dM2/xR5oYg=
  /sort-keys/1.1.2:
    dependencies:
      is-plain-obj: 1.1.0
    dev: false
    engines:
      node: '>=0.10.0'
    resolution:
      integrity: sha1-RBttTTRnmPG05J6JIK37oOVD+a0=
  /sort-keys/2.0.0:
    dependencies:
      is-plain-obj: 1.1.0
    dev: false
    engines:
      node: '>=4'
    resolution:
      integrity: sha1-ZYU1WEhh7JfXMNbPQYIuH1ZoQSg=
  /strict-uri-encode/1.1.0:
    dev: false
    engines:
      node: '>=0.10.0'
    resolution:
      integrity: sha1-J5siXfHVgrH1TmWt3UNS4Y+qBxM=
  /string_decoder/0.10.31:
    dev: false
    resolution:
      integrity: sha1-YuIDvEF2bGwoyfyEMB2rHFMQ+pQ=
  /string_decoder/1.1.1:
    dependencies:
      safe-buffer: 5.1.2
    dev: false
    resolution:
      integrity: sha512-n/ShnvDi6FHbbVfviro+WojiFzv+s8MPMHBczVePfUpDJLwoLT0ht1l4YwBCbi8pJAveEEdnkHyPyTP/mzRfwg==
  /strip-dirs/2.1.0:
    dependencies:
      is-natural-number: 4.0.1
    dev: false
    resolution:
      integrity: sha512-JOCxOeKLm2CAS73y/U4ZeZPTkE+gNVCzKt7Eox84Iej1LT/2pTWYpZKJuxwQpvX1LiZb1xokNR7RLfuBAa7T3g==
  /strip-outer/1.0.1:
    dependencies:
      escape-string-regexp: 1.0.5
    dev: false
    engines:
      node: '>=0.10.0'
    resolution:
      integrity: sha512-k55yxKHwaXnpYGsOzg4Vl8+tDrWylxDEpknGjhTiZB8dFRU5rTo9CAzeycivxV3s+zlTKwrs6WxMxR95n26kwg==
  /tar-stream/1.6.2:
    dependencies:
      bl: 1.2.2
      buffer-alloc: 1.2.0
      end-of-stream: 1.4.4
      fs-constants: 1.0.0
      readable-stream: 2.3.7
      to-buffer: 1.1.1
      xtend: 4.0.2
    dev: false
    engines:
      node: '>= 0.8.0'
    resolution:
      integrity: sha512-rzS0heiNf8Xn7/mpdSVVSMAWAoy9bfb1WOTYC78Z0UQKeKa/CWS8FOq0lKGNa8DWKAn9gxjCvMLYc5PGXYlK2A==
  /through/2.3.8:
    dev: false
    resolution:
      integrity: sha1-DdTJ/6q8NXlgsbckEV1+Doai4fU=
  /timed-out/4.0.1:
    dev: false
    engines:
      node: '>=0.10.0'
    resolution:
      integrity: sha1-8y6srFoXW+ol1/q1Zas+2HQe9W8=
  /to-buffer/1.1.1:
    dev: false
    resolution:
      integrity: sha512-lx9B5iv7msuFYE3dytT+KE5tap+rNYw+K4jVkb9R/asAb+pbBSM17jtunHplhBe6RRJdZx3Pn2Jph24O32mOVg==
  /traverse/0.3.9:
    dev: false
    resolution:
      integrity: sha1-cXuPIgzAu3tE5AUUwisui7xw2Lk=
  /trim-repeated/1.0.0:
    dependencies:
      escape-string-regexp: 1.0.5
    dev: false
    engines:
      node: '>=0.10.0'
    resolution:
      integrity: sha1-42RqLqTokTEr9+rObPsFOAvAHCE=
  /tunnel-agent/0.6.0:
    dependencies:
      safe-buffer: 5.2.0
    dev: false
    resolution:
      integrity: sha1-J6XeoGs2sEoKmWZ3SykIaPD8QP0=
  /typedarray/0.0.6:
    dev: false
    resolution:
      integrity: sha1-hnrHTjhkGHsdPUfZlqeOxciDB3c=
  /unbzip2-stream/1.3.3:
    dependencies:
      buffer: 5.4.3
      through: 2.3.8
    dev: false
    resolution:
      integrity: sha512-fUlAF7U9Ah1Q6EieQ4x4zLNejrRvDWUYmxXUpN3uziFYCHapjWFaCAnreY9bGgxzaMCFAPPpYNng57CypwJVhg==
  /unzip/0.1.11:
    dependencies:
      binary: 0.3.0
      fstream: 0.1.31
      match-stream: 0.0.2
      pullstream: 0.4.1
      readable-stream: 1.0.34
      setimmediate: 1.0.5
    dev: false
    resolution:
      integrity: sha1-iXScY7BY19kNYZ+GuYqhU107l/A=
  /url-parse-lax/3.0.0:
    dependencies:
      prepend-http: 2.0.0
    dev: false
    engines:
      node: '>=4'
    resolution:
      integrity: sha1-FrXK/Afb42dsGxmZF3gj1lA6yww=
  /url-to-options/1.0.1:
    dev: false
    engines:
      node: '>= 4'
    resolution:
      integrity: sha1-FQWgOiiaSMvXpDTvuu7FBV9WM6k=
  /util-deprecate/1.0.2:
    dev: false
    resolution:
      integrity: sha1-RQ1Nyfpw3nMnYvvS1KKJgUGaDM8=
  /wrappy/1.0.2:
    dev: false
    resolution:
      integrity: sha1-tSQ9jz7BqjXxNkYFvA0QNuMKtp8=
  /ws/6.2.1:
    dependencies:
      async-limiter: 1.0.1
    dev: false
    resolution:
      integrity: sha512-GIyAXC2cB7LjvpgMt9EKS2ldqr0MTrORaleiOno6TweZ6r3TKtoFQWay/2PceJ3RuBasOHzXNn5Lrw1X0bEjqA==
  /xtend/4.0.2:
    dev: false
    engines:
      node: '>=0.4'
    resolution:
      integrity: sha512-LKYU1iAXJXUgAXn9URjiu+MWhyUXHsvfp7mcuYm9dSUKK0/CjtrUwFAxD82/mCWbtLsGjFIad0wIsod4zrTAEQ==
  /yauzl/2.10.0:
    dependencies:
      buffer-crc32: 0.2.13
      fd-slicer: 1.1.0
    dev: false
    resolution:
      integrity: sha1-x+sXyT4RLLEIb6bY5R+wZnt5pfk=
  /yauzl/2.4.1:
    dependencies:
      fd-slicer: 1.0.1
    dev: false
    resolution:
      integrity: sha1-lSj0QtqxsihOWLQ3m7GU4i4MQAU=
specifiers:
  create-desktop-shortcuts: ^1.0.2
  download-git-repo: ^3.0.2
  node-fetch: ^2.6.0
  puppeteer-core: ^2.1.1
  unzip: ^0.1.11
